// !$*UTF8*$!
{
	archiveVersion = 1;
	classes = {
	};
	objectVersion = 55;
	objects = {

/* Begin PBXBuildFile section */
		4B1A04C32858CEC7004AF8B6 /* AppDelegate.swift in Sources */ = {isa = PBXBuildFile; fileRef = 4B1A04C22858CEC7004AF8B6 /* AppDelegate.swift */; };
		4B1A04C52858CEC7004AF8B6 /* SceneDelegate.swift in Sources */ = {isa = PBXBuildFile; fileRef = 4B1A04C42858CEC7004AF8B6 /* SceneDelegate.swift */; };
		4B1A04CC2858CEC9004AF8B6 /* Assets.xcassets in Resources */ = {isa = PBXBuildFile; fileRef = 4B1A04CB2858CEC9004AF8B6 /* Assets.xcassets */; };
		4B1A04CF2858CEC9004AF8B6 /* LaunchScreen.storyboard in Resources */ = {isa = PBXBuildFile; fileRef = 4B1A04CD2858CEC9004AF8B6 /* LaunchScreen.storyboard */; };
		4B1A04DA2858CECA004AF8B6 /* TestAssessmentNewsAPITests.swift in Sources */ = {isa = PBXBuildFile; fileRef = 4B1A04D92858CECA004AF8B6 /* TestAssessmentNewsAPITests.swift */; };
		4B1A04E42858CECA004AF8B6 /* TestAssessmentNewsAPIUITests.swift in Sources */ = {isa = PBXBuildFile; fileRef = 4B1A04E32858CECA004AF8B6 /* TestAssessmentNewsAPIUITests.swift */; };
		4B1A04E62858CECA004AF8B6 /* TestAssessmentNewsAPIUITestsLaunchTests.swift in Sources */ = {isa = PBXBuildFile; fileRef = 4B1A04E52858CECA004AF8B6 /* TestAssessmentNewsAPIUITestsLaunchTests.swift */; };
		4B1A04F52858CF97004AF8B6 /* View.swift in Sources */ = {isa = PBXBuildFile; fileRef = 4B1A04F42858CF97004AF8B6 /* View.swift */; };
		4B1A04F72858D077004AF8B6 /* Interactor.swift in Sources */ = {isa = PBXBuildFile; fileRef = 4B1A04F62858D077004AF8B6 /* Interactor.swift */; };
		4B1A04F92858D084004AF8B6 /* Presenter.swift in Sources */ = {isa = PBXBuildFile; fileRef = 4B1A04F82858D084004AF8B6 /* Presenter.swift */; };
		4B1A04FB2858D2AF004AF8B6 /* Entity.swift in Sources */ = {isa = PBXBuildFile; fileRef = 4B1A04FA2858D2AF004AF8B6 /* Entity.swift */; };
		4B1A04FD2858E04C004AF8B6 /* Router.swift in Sources */ = {isa = PBXBuildFile; fileRef = 4B1A04FC2858E04C004AF8B6 /* Router.swift */; };
		4B1A05002859B985004AF8B6 /* NewsCategories.swift in Sources */ = {isa = PBXBuildFile; fileRef = 4B1A04FF2859B985004AF8B6 /* NewsCategories.swift */; };
		4B1A05032859BEE6004AF8B6 /* NewsSourcesView.swift in Sources */ = {isa = PBXBuildFile; fileRef = 4B1A05022859BEE6004AF8B6 /* NewsSourcesView.swift */; };
		4B1A05052859DD33004AF8B6 /* NewsSourcesInteractor.swift in Sources */ = {isa = PBXBuildFile; fileRef = 4B1A05042859DD33004AF8B6 /* NewsSourcesInteractor.swift */; };
		4B1A05092859DD6C004AF8B6 /* NewsSourcePresenter.swift in Sources */ = {isa = PBXBuildFile; fileRef = 4B1A05082859DD6C004AF8B6 /* NewsSourcePresenter.swift */; };
		4B1A050C2859DD8F004AF8B6 /* NewsSourceRouter.swift in Sources */ = {isa = PBXBuildFile; fileRef = 4B1A050B2859DD8F004AF8B6 /* NewsSourceRouter.swift */; };
		4B1A050F2859E566004AF8B6 /* NewsSourceContract.swift in Sources */ = {isa = PBXBuildFile; fileRef = 4B1A050E2859E566004AF8B6 /* NewsSourceContract.swift */; };
		4B1A0528285A8622004AF8B6 /* NewsArticlesView.swift in Sources */ = {isa = PBXBuildFile; fileRef = 4B1A0527285A8621004AF8B6 /* NewsArticlesView.swift */; };
		4B1A052A285A8632004AF8B6 /* NewsArticlesInteractor.swift in Sources */ = {isa = PBXBuildFile; fileRef = 4B1A0529285A8632004AF8B6 /* NewsArticlesInteractor.swift */; };
		4B1A052C285A863E004AF8B6 /* NewsArticlesPresenter.swift in Sources */ = {isa = PBXBuildFile; fileRef = 4B1A052B285A863E004AF8B6 /* NewsArticlesPresenter.swift */; };
		4B1A052E285A864B004AF8B6 /* NewsArticlesRouter.swift in Sources */ = {isa = PBXBuildFile; fileRef = 4B1A052D285A864B004AF8B6 /* NewsArticlesRouter.swift */; };
		4B1A0530285A8689004AF8B6 /* NewsArticlesContract.swift in Sources */ = {isa = PBXBuildFile; fileRef = 4B1A052F285A8689004AF8B6 /* NewsArticlesContract.swift */; };
		4B1A0538285BE810004AF8B6 /* SnapKit in Frameworks */ = {isa = PBXBuildFile; productRef = 4B1A0537285BE810004AF8B6 /* SnapKit */; };
		4BCBA5E9285BFC2100E929A2 /* SearchedTableController.swift in Sources */ = {isa = PBXBuildFile; fileRef = 4BCBA5E8285BFC2100E929A2 /* SearchedTableController.swift */; };
		4BCBA5EB285C978000E929A2 /* WebViewController.swift in Sources */ = {isa = PBXBuildFile; fileRef = 4BCBA5EA285C978000E929A2 /* WebViewController.swift */; };
		4BCBA5ED285C9A6F00E929A2 /* WebViewRouter.swift in Sources */ = {isa = PBXBuildFile; fileRef = 4BCBA5EC285C9A6F00E929A2 /* WebViewRouter.swift */; };
		4BCBA5EF285C9A8100E929A2 /* WebViewPresenter.swift in Sources */ = {isa = PBXBuildFile; fileRef = 4BCBA5EE285C9A8100E929A2 /* WebViewPresenter.swift */; };
		4BCBA5F1285C9A8D00E929A2 /* WebViewContract.swift in Sources */ = {isa = PBXBuildFile; fileRef = 4BCBA5F0285C9A8D00E929A2 /* WebViewContract.swift */; };
/* End PBXBuildFile section */

/* Begin PBXContainerItemProxy section */
		4B1A04D62858CECA004AF8B6 /* PBXContainerItemProxy */ = {
			isa = PBXContainerItemProxy;
			containerPortal = 4B1A04B72858CEC7004AF8B6 /* Project object */;
			proxyType = 1;
			remoteGlobalIDString = 4B1A04BE2858CEC7004AF8B6;
			remoteInfo = TestAssessmentNewsAPI;
		};
		4B1A04E02858CECA004AF8B6 /* PBXContainerItemProxy */ = {
			isa = PBXContainerItemProxy;
			containerPortal = 4B1A04B72858CEC7004AF8B6 /* Project object */;
			proxyType = 1;
			remoteGlobalIDString = 4B1A04BE2858CEC7004AF8B6;
			remoteInfo = TestAssessmentNewsAPI;
		};
/* End PBXContainerItemProxy section */

/* Begin PBXFileReference section */
		4B1A04BF2858CEC7004AF8B6 /* TestAssessmentNewsAPI.app */ = {isa = PBXFileReference; explicitFileType = wrapper.application; includeInIndex = 0; path = TestAssessmentNewsAPI.app; sourceTree = BUILT_PRODUCTS_DIR; };
		4B1A04C22858CEC7004AF8B6 /* AppDelegate.swift */ = {isa = PBXFileReference; lastKnownFileType = sourcecode.swift; path = AppDelegate.swift; sourceTree = "<group>"; };
		4B1A04C42858CEC7004AF8B6 /* SceneDelegate.swift */ = {isa = PBXFileReference; lastKnownFileType = sourcecode.swift; path = SceneDelegate.swift; sourceTree = "<group>"; };
		4B1A04CB2858CEC9004AF8B6 /* Assets.xcassets */ = {isa = PBXFileReference; lastKnownFileType = folder.assetcatalog; path = Assets.xcassets; sourceTree = "<group>"; };
		4B1A04CE2858CEC9004AF8B6 /* Base */ = {isa = PBXFileReference; lastKnownFileType = file.storyboard; name = Base; path = Base.lproj/LaunchScreen.storyboard; sourceTree = "<group>"; };
		4B1A04D02858CEC9004AF8B6 /* Info.plist */ = {isa = PBXFileReference; lastKnownFileType = text.plist.xml; path = Info.plist; sourceTree = "<group>"; };
		4B1A04D52858CECA004AF8B6 /* TestAssessmentNewsAPITests.xctest */ = {isa = PBXFileReference; explicitFileType = wrapper.cfbundle; includeInIndex = 0; path = TestAssessmentNewsAPITests.xctest; sourceTree = BUILT_PRODUCTS_DIR; };
		4B1A04D92858CECA004AF8B6 /* TestAssessmentNewsAPITests.swift */ = {isa = PBXFileReference; lastKnownFileType = sourcecode.swift; path = TestAssessmentNewsAPITests.swift; sourceTree = "<group>"; };
		4B1A04DF2858CECA004AF8B6 /* TestAssessmentNewsAPIUITests.xctest */ = {isa = PBXFileReference; explicitFileType = wrapper.cfbundle; includeInIndex = 0; path = TestAssessmentNewsAPIUITests.xctest; sourceTree = BUILT_PRODUCTS_DIR; };
		4B1A04E32858CECA004AF8B6 /* TestAssessmentNewsAPIUITests.swift */ = {isa = PBXFileReference; lastKnownFileType = sourcecode.swift; path = TestAssessmentNewsAPIUITests.swift; sourceTree = "<group>"; };
		4B1A04E52858CECA004AF8B6 /* TestAssessmentNewsAPIUITestsLaunchTests.swift */ = {isa = PBXFileReference; lastKnownFileType = sourcecode.swift; path = TestAssessmentNewsAPIUITestsLaunchTests.swift; sourceTree = "<group>"; };
		4B1A04F42858CF97004AF8B6 /* View.swift */ = {isa = PBXFileReference; lastKnownFileType = sourcecode.swift; path = View.swift; sourceTree = "<group>"; };
		4B1A04F62858D077004AF8B6 /* Interactor.swift */ = {isa = PBXFileReference; lastKnownFileType = sourcecode.swift; path = Interactor.swift; sourceTree = "<group>"; };
		4B1A04F82858D084004AF8B6 /* Presenter.swift */ = {isa = PBXFileReference; lastKnownFileType = sourcecode.swift; path = Presenter.swift; sourceTree = "<group>"; };
		4B1A04FA2858D2AF004AF8B6 /* Entity.swift */ = {isa = PBXFileReference; lastKnownFileType = sourcecode.swift; path = Entity.swift; sourceTree = "<group>"; };
		4B1A04FC2858E04C004AF8B6 /* Router.swift */ = {isa = PBXFileReference; lastKnownFileType = sourcecode.swift; path = Router.swift; sourceTree = "<group>"; };
		4B1A04FF2859B985004AF8B6 /* NewsCategories.swift */ = {isa = PBXFileReference; lastKnownFileType = sourcecode.swift; path = NewsCategories.swift; sourceTree = "<group>"; };
		4B1A05022859BEE6004AF8B6 /* NewsSourcesView.swift */ = {isa = PBXFileReference; lastKnownFileType = sourcecode.swift; path = NewsSourcesView.swift; sourceTree = "<group>"; };
		4B1A05042859DD33004AF8B6 /* NewsSourcesInteractor.swift */ = {isa = PBXFileReference; lastKnownFileType = sourcecode.swift; path = NewsSourcesInteractor.swift; sourceTree = "<group>"; };
		4B1A05082859DD6C004AF8B6 /* NewsSourcePresenter.swift */ = {isa = PBXFileReference; lastKnownFileType = sourcecode.swift; path = NewsSourcePresenter.swift; sourceTree = "<group>"; };
		4B1A050B2859DD8F004AF8B6 /* NewsSourceRouter.swift */ = {isa = PBXFileReference; lastKnownFileType = sourcecode.swift; path = NewsSourceRouter.swift; sourceTree = "<group>"; };
		4B1A050E2859E566004AF8B6 /* NewsSourceContract.swift */ = {isa = PBXFileReference; lastKnownFileType = sourcecode.swift; path = NewsSourceContract.swift; sourceTree = "<group>"; };
		4B1A0527285A8621004AF8B6 /* NewsArticlesView.swift */ = {isa = PBXFileReference; lastKnownFileType = sourcecode.swift; path = NewsArticlesView.swift; sourceTree = "<group>"; };
		4B1A0529285A8632004AF8B6 /* NewsArticlesInteractor.swift */ = {isa = PBXFileReference; lastKnownFileType = sourcecode.swift; path = NewsArticlesInteractor.swift; sourceTree = "<group>"; };
		4B1A052B285A863E004AF8B6 /* NewsArticlesPresenter.swift */ = {isa = PBXFileReference; lastKnownFileType = sourcecode.swift; path = NewsArticlesPresenter.swift; sourceTree = "<group>"; };
		4B1A052D285A864B004AF8B6 /* NewsArticlesRouter.swift */ = {isa = PBXFileReference; lastKnownFileType = sourcecode.swift; path = NewsArticlesRouter.swift; sourceTree = "<group>"; };
		4B1A052F285A8689004AF8B6 /* NewsArticlesContract.swift */ = {isa = PBXFileReference; lastKnownFileType = sourcecode.swift; path = NewsArticlesContract.swift; sourceTree = "<group>"; };
		4BCBA5E8285BFC2100E929A2 /* SearchedTableController.swift */ = {isa = PBXFileReference; lastKnownFileType = sourcecode.swift; path = SearchedTableController.swift; sourceTree = "<group>"; };
		4BCBA5EA285C978000E929A2 /* WebViewController.swift */ = {isa = PBXFileReference; lastKnownFileType = sourcecode.swift; path = WebViewController.swift; sourceTree = "<group>"; };
		4BCBA5EC285C9A6F00E929A2 /* WebViewRouter.swift */ = {isa = PBXFileReference; lastKnownFileType = sourcecode.swift; path = WebViewRouter.swift; sourceTree = "<group>"; };
		4BCBA5EE285C9A8100E929A2 /* WebViewPresenter.swift */ = {isa = PBXFileReference; lastKnownFileType = sourcecode.swift; path = WebViewPresenter.swift; sourceTree = "<group>"; };
		4BCBA5F0285C9A8D00E929A2 /* WebViewContract.swift */ = {isa = PBXFileReference; lastKnownFileType = sourcecode.swift; path = WebViewContract.swift; sourceTree = "<group>"; };
/* End PBXFileReference section */

/* Begin PBXFrameworksBuildPhase section */
		4B1A04BC2858CEC7004AF8B6 /* Frameworks */ = {
			isa = PBXFrameworksBuildPhase;
			buildActionMask = 2147483647;
			files = (
				4B1A0538285BE810004AF8B6 /* SnapKit in Frameworks */,
			);
			runOnlyForDeploymentPostprocessing = 0;
		};
		4B1A04D22858CECA004AF8B6 /* Frameworks */ = {
			isa = PBXFrameworksBuildPhase;
			buildActionMask = 2147483647;
			files = (
			);
			runOnlyForDeploymentPostprocessing = 0;
		};
		4B1A04DC2858CECA004AF8B6 /* Frameworks */ = {
			isa = PBXFrameworksBuildPhase;
			buildActionMask = 2147483647;
			files = (
			);
			runOnlyForDeploymentPostprocessing = 0;
		};
/* End PBXFrameworksBuildPhase section */

/* Begin PBXGroup section */
		4B1A04B62858CEC7004AF8B6 = {
			isa = PBXGroup;
			children = (
				4B1A04C12858CEC7004AF8B6 /* TestAssessmentNewsAPI */,
				4B1A050D2859E549004AF8B6 /* Contract */,
				4B1A04D82858CECA004AF8B6 /* TestAssessmentNewsAPITests */,
				4B1A04E22858CECA004AF8B6 /* TestAssessmentNewsAPIUITests */,
				4B1A04C02858CEC7004AF8B6 /* Products */,
			);
			sourceTree = "<group>";
		};
		4B1A04C02858CEC7004AF8B6 /* Products */ = {
			isa = PBXGroup;
			children = (
				4B1A04BF2858CEC7004AF8B6 /* TestAssessmentNewsAPI.app */,
				4B1A04D52858CECA004AF8B6 /* TestAssessmentNewsAPITests.xctest */,
				4B1A04DF2858CECA004AF8B6 /* TestAssessmentNewsAPIUITests.xctest */,
			);
			name = Products;
			sourceTree = "<group>";
		};
		4B1A04C12858CEC7004AF8B6 /* TestAssessmentNewsAPI */ = {
			isa = PBXGroup;
			children = (
				4B1A04C22858CEC7004AF8B6 /* AppDelegate.swift */,
				4B1A04C42858CEC7004AF8B6 /* SceneDelegate.swift */,
				4B1A04CB2858CEC9004AF8B6 /* Assets.xcassets */,
				4B1A04CD2858CEC9004AF8B6 /* LaunchScreen.storyboard */,
				4B1A04D02858CEC9004AF8B6 /* Info.plist */,
				4BCBA5E7285BFBE100E929A2 /* Controller */,
				4B1A05012859BE8D004AF8B6 /* View */,
				4B1A05062859DD38004AF8B6 /* Interactor */,
				4B1A05072859DD53004AF8B6 /* Presenter */,
				4B1A04FE2859B965004AF8B6 /* Entity */,
				4B1A050A2859DD75004AF8B6 /* Router */,
			);
			path = TestAssessmentNewsAPI;
			sourceTree = "<group>";
		};
		4B1A04D82858CECA004AF8B6 /* TestAssessmentNewsAPITests */ = {
			isa = PBXGroup;
			children = (
				4B1A04D92858CECA004AF8B6 /* TestAssessmentNewsAPITests.swift */,
			);
			path = TestAssessmentNewsAPITests;
			sourceTree = "<group>";
		};
		4B1A04E22858CECA004AF8B6 /* TestAssessmentNewsAPIUITests */ = {
			isa = PBXGroup;
			children = (
				4B1A04E32858CECA004AF8B6 /* TestAssessmentNewsAPIUITests.swift */,
				4B1A04E52858CECA004AF8B6 /* TestAssessmentNewsAPIUITestsLaunchTests.swift */,
			);
			path = TestAssessmentNewsAPIUITests;
			sourceTree = "<group>";
		};
		4B1A04FE2859B965004AF8B6 /* Entity */ = {
			isa = PBXGroup;
			children = (
				4B1A04FA2858D2AF004AF8B6 /* Entity.swift */,
				4B1A04FF2859B985004AF8B6 /* NewsCategories.swift */,
			);
			path = Entity;
			sourceTree = "<group>";
		};
		4B1A05012859BE8D004AF8B6 /* View */ = {
			isa = PBXGroup;
			children = (
				4B1A04F42858CF97004AF8B6 /* View.swift */,
				4B1A05022859BEE6004AF8B6 /* NewsSourcesView.swift */,
				4B1A0527285A8621004AF8B6 /* NewsArticlesView.swift */,
				4BCBA5EA285C978000E929A2 /* WebViewController.swift */,
			);
			path = View;
			sourceTree = "<group>";
		};
		4B1A05062859DD38004AF8B6 /* Interactor */ = {
			isa = PBXGroup;
			children = (
				4B1A04F62858D077004AF8B6 /* Interactor.swift */,
				4B1A05042859DD33004AF8B6 /* NewsSourcesInteractor.swift */,
				4B1A0529285A8632004AF8B6 /* NewsArticlesInteractor.swift */,
			);
			path = Interactor;
			sourceTree = "<group>";
		};
		4B1A05072859DD53004AF8B6 /* Presenter */ = {
			isa = PBXGroup;
			children = (
				4B1A04F82858D084004AF8B6 /* Presenter.swift */,
				4B1A05082859DD6C004AF8B6 /* NewsSourcePresenter.swift */,
				4B1A052B285A863E004AF8B6 /* NewsArticlesPresenter.swift */,
				4BCBA5EE285C9A8100E929A2 /* WebViewPresenter.swift */,
			);
			path = Presenter;
			sourceTree = "<group>";
		};
		4B1A050A2859DD75004AF8B6 /* Router */ = {
			isa = PBXGroup;
			children = (
				4B1A04FC2858E04C004AF8B6 /* Router.swift */,
				4B1A050B2859DD8F004AF8B6 /* NewsSourceRouter.swift */,
				4B1A052D285A864B004AF8B6 /* NewsArticlesRouter.swift */,
				4BCBA5EC285C9A6F00E929A2 /* WebViewRouter.swift */,
			);
			path = Router;
			sourceTree = "<group>";
		};
		4B1A050D2859E549004AF8B6 /* Contract */ = {
			isa = PBXGroup;
			children = (
				4B1A050E2859E566004AF8B6 /* NewsSourceContract.swift */,
				4B1A052F285A8689004AF8B6 /* NewsArticlesContract.swift */,
				4BCBA5F0285C9A8D00E929A2 /* WebViewContract.swift */,
			);
			path = Contract;
			sourceTree = "<group>";
		};
		4BCBA5E7285BFBE100E929A2 /* Controller */ = {
			isa = PBXGroup;
			children = (
				4BCBA5E8285BFC2100E929A2 /* SearchedTableController.swift */,
			);
			path = Controller;
			sourceTree = "<group>";
		};
/* End PBXGroup section */

/* Begin PBXNativeTarget section */
		4B1A04BE2858CEC7004AF8B6 /* TestAssessmentNewsAPI */ = {
			isa = PBXNativeTarget;
			buildConfigurationList = 4B1A04E92858CECA004AF8B6 /* Build configuration list for PBXNativeTarget "TestAssessmentNewsAPI" */;
			buildPhases = (
				4B1A04BB2858CEC7004AF8B6 /* Sources */,
				4B1A04BC2858CEC7004AF8B6 /* Frameworks */,
				4B1A04BD2858CEC7004AF8B6 /* Resources */,
			);
			buildRules = (
			);
			dependencies = (
			);
			name = TestAssessmentNewsAPI;
			packageProductDependencies = (
				4B1A0537285BE810004AF8B6 /* SnapKit */,
			);
			productName = TestAssessmentNewsAPI;
			productReference = 4B1A04BF2858CEC7004AF8B6 /* TestAssessmentNewsAPI.app */;
			productType = "com.apple.product-type.application";
		};
		4B1A04D42858CECA004AF8B6 /* TestAssessmentNewsAPITests */ = {
			isa = PBXNativeTarget;
			buildConfigurationList = 4B1A04EC2858CECA004AF8B6 /* Build configuration list for PBXNativeTarget "TestAssessmentNewsAPITests" */;
			buildPhases = (
				4B1A04D12858CECA004AF8B6 /* Sources */,
				4B1A04D22858CECA004AF8B6 /* Frameworks */,
				4B1A04D32858CECA004AF8B6 /* Resources */,
			);
			buildRules = (
			);
			dependencies = (
				4B1A04D72858CECA004AF8B6 /* PBXTargetDependency */,
			);
			name = TestAssessmentNewsAPITests;
			productName = TestAssessmentNewsAPITests;
			productReference = 4B1A04D52858CECA004AF8B6 /* TestAssessmentNewsAPITests.xctest */;
			productType = "com.apple.product-type.bundle.unit-test";
		};
		4B1A04DE2858CECA004AF8B6 /* TestAssessmentNewsAPIUITests */ = {
			isa = PBXNativeTarget;
			buildConfigurationList = 4B1A04EF2858CECA004AF8B6 /* Build configuration list for PBXNativeTarget "TestAssessmentNewsAPIUITests" */;
			buildPhases = (
				4B1A04DB2858CECA004AF8B6 /* Sources */,
				4B1A04DC2858CECA004AF8B6 /* Frameworks */,
				4B1A04DD2858CECA004AF8B6 /* Resources */,
			);
			buildRules = (
			);
			dependencies = (
				4B1A04E12858CECA004AF8B6 /* PBXTargetDependency */,
			);
			name = TestAssessmentNewsAPIUITests;
			productName = TestAssessmentNewsAPIUITests;
			productReference = 4B1A04DF2858CECA004AF8B6 /* TestAssessmentNewsAPIUITests.xctest */;
			productType = "com.apple.product-type.bundle.ui-testing";
		};
/* End PBXNativeTarget section */

/* Begin PBXProject section */
		4B1A04B72858CEC7004AF8B6 /* Project object */ = {
			isa = PBXProject;
			attributes = {
				BuildIndependentTargetsInParallel = 1;
				LastSwiftUpdateCheck = 1340;
				LastUpgradeCheck = 1340;
				TargetAttributes = {
					4B1A04BE2858CEC7004AF8B6 = {
						CreatedOnToolsVersion = 13.4.1;
					};
					4B1A04D42858CECA004AF8B6 = {
						CreatedOnToolsVersion = 13.4.1;
						TestTargetID = 4B1A04BE2858CEC7004AF8B6;
					};
					4B1A04DE2858CECA004AF8B6 = {
						CreatedOnToolsVersion = 13.4.1;
						TestTargetID = 4B1A04BE2858CEC7004AF8B6;
					};
				};
			};
			buildConfigurationList = 4B1A04BA2858CEC7004AF8B6 /* Build configuration list for PBXProject "TestAssessmentNewsAPI" */;
			compatibilityVersion = "Xcode 13.0";
			developmentRegion = en;
			hasScannedForEncodings = 0;
			knownRegions = (
				en,
				Base,
			);
			mainGroup = 4B1A04B62858CEC7004AF8B6;
			packageReferences = (
				4B1A0536285BE810004AF8B6 /* XCRemoteSwiftPackageReference "SnapKit" */,
			);
			productRefGroup = 4B1A04C02858CEC7004AF8B6 /* Products */;
			projectDirPath = "";
			projectRoot = "";
			targets = (
				4B1A04BE2858CEC7004AF8B6 /* TestAssessmentNewsAPI */,
				4B1A04D42858CECA004AF8B6 /* TestAssessmentNewsAPITests */,
				4B1A04DE2858CECA004AF8B6 /* TestAssessmentNewsAPIUITests */,
			);
		};
/* End PBXProject section */

/* Begin PBXResourcesBuildPhase section */
		4B1A04BD2858CEC7004AF8B6 /* Resources */ = {
			isa = PBXResourcesBuildPhase;
			buildActionMask = 2147483647;
			files = (
				4B1A04CF2858CEC9004AF8B6 /* LaunchScreen.storyboard in Resources */,
				4B1A04CC2858CEC9004AF8B6 /* Assets.xcassets in Resources */,
			);
			runOnlyForDeploymentPostprocessing = 0;
		};
		4B1A04D32858CECA004AF8B6 /* Resources */ = {
			isa = PBXResourcesBuildPhase;
			buildActionMask = 2147483647;
			files = (
			);
			runOnlyForDeploymentPostprocessing = 0;
		};
		4B1A04DD2858CECA004AF8B6 /* Resources */ = {
			isa = PBXResourcesBuildPhase;
			buildActionMask = 2147483647;
			files = (
			);
			runOnlyForDeploymentPostprocessing = 0;
		};
/* End PBXResourcesBuildPhase section */

/* Begin PBXSourcesBuildPhase section */
		4B1A04BB2858CEC7004AF8B6 /* Sources */ = {
			isa = PBXSourcesBuildPhase;
			buildActionMask = 2147483647;
			files = (
				4B1A052C285A863E004AF8B6 /* NewsArticlesPresenter.swift in Sources */,
				4B1A04FD2858E04C004AF8B6 /* Router.swift in Sources */,
				4B1A04F92858D084004AF8B6 /* Presenter.swift in Sources */,
				4B1A05002859B985004AF8B6 /* NewsCategories.swift in Sources */,
				4BCBA5EF285C9A8100E929A2 /* WebViewPresenter.swift in Sources */,
				4BCBA5EB285C978000E929A2 /* WebViewController.swift in Sources */,
				4B1A04F52858CF97004AF8B6 /* View.swift in Sources */,
				4B1A050C2859DD8F004AF8B6 /* NewsSourceRouter.swift in Sources */,
				4B1A0528285A8622004AF8B6 /* NewsArticlesView.swift in Sources */,
				4BCBA5E9285BFC2100E929A2 /* SearchedTableController.swift in Sources */,
				4B1A052A285A8632004AF8B6 /* NewsArticlesInteractor.swift in Sources */,
				4BCBA5ED285C9A6F00E929A2 /* WebViewRouter.swift in Sources */,
				4B1A04FB2858D2AF004AF8B6 /* Entity.swift in Sources */,
				4B1A050F2859E566004AF8B6 /* NewsSourceContract.swift in Sources */,
				4B1A052E285A864B004AF8B6 /* NewsArticlesRouter.swift in Sources */,
				4B1A04F72858D077004AF8B6 /* Interactor.swift in Sources */,
				4B1A0530285A8689004AF8B6 /* NewsArticlesContract.swift in Sources */,
				4B1A04C32858CEC7004AF8B6 /* AppDelegate.swift in Sources */,
				4B1A05032859BEE6004AF8B6 /* NewsSourcesView.swift in Sources */,
				4B1A05052859DD33004AF8B6 /* NewsSourcesInteractor.swift in Sources */,
				4B1A04C52858CEC7004AF8B6 /* SceneDelegate.swift in Sources */,
				4B1A05092859DD6C004AF8B6 /* NewsSourcePresenter.swift in Sources */,
				4BCBA5F1285C9A8D00E929A2 /* WebViewContract.swift in Sources */,
			);
			runOnlyForDeploymentPostprocessing = 0;
		};
		4B1A04D12858CECA004AF8B6 /* Sources */ = {
			isa = PBXSourcesBuildPhase;
			buildActionMask = 2147483647;
			files = (
				4B1A04DA2858CECA004AF8B6 /* TestAssessmentNewsAPITests.swift in Sources */,
			);
			runOnlyForDeploymentPostprocessing = 0;
		};
		4B1A04DB2858CECA004AF8B6 /* Sources */ = {
			isa = PBXSourcesBuildPhase;
			buildActionMask = 2147483647;
			files = (
				4B1A04E62858CECA004AF8B6 /* TestAssessmentNewsAPIUITestsLaunchTests.swift in Sources */,
				4B1A04E42858CECA004AF8B6 /* TestAssessmentNewsAPIUITests.swift in Sources */,
			);
			runOnlyForDeploymentPostprocessing = 0;
		};
/* End PBXSourcesBuildPhase section */

/* Begin PBXTargetDependency section */
		4B1A04D72858CECA004AF8B6 /* PBXTargetDependency */ = {
			isa = PBXTargetDependency;
			target = 4B1A04BE2858CEC7004AF8B6 /* TestAssessmentNewsAPI */;
			targetProxy = 4B1A04D62858CECA004AF8B6 /* PBXContainerItemProxy */;
		};
		4B1A04E12858CECA004AF8B6 /* PBXTargetDependency */ = {
			isa = PBXTargetDependency;
			target = 4B1A04BE2858CEC7004AF8B6 /* TestAssessmentNewsAPI */;
			targetProxy = 4B1A04E02858CECA004AF8B6 /* PBXContainerItemProxy */;
		};
/* End PBXTargetDependency section */

/* Begin PBXVariantGroup section */
		4B1A04CD2858CEC9004AF8B6 /* LaunchScreen.storyboard */ = {
			isa = PBXVariantGroup;
			children = (
				4B1A04CE2858CEC9004AF8B6 /* Base */,
			);
			name = LaunchScreen.storyboard;
			sourceTree = "<group>";
		};
/* End PBXVariantGroup section */

/* Begin XCBuildConfiguration section */
		4B1A04E72858CECA004AF8B6 /* Debug */ = {
			isa = XCBuildConfiguration;
			buildSettings = {
				ALWAYS_SEARCH_USER_PATHS = NO;
				CLANG_ANALYZER_NONNULL = YES;
				CLANG_ANALYZER_NUMBER_OBJECT_CONVERSION = YES_AGGRESSIVE;
				CLANG_CXX_LANGUAGE_STANDARD = "gnu++17";
				CLANG_ENABLE_MODULES = YES;
				CLANG_ENABLE_OBJC_ARC = YES;
				CLANG_ENABLE_OBJC_WEAK = YES;
				CLANG_WARN_BLOCK_CAPTURE_AUTORELEASING = YES;
				CLANG_WARN_BOOL_CONVERSION = YES;
				CLANG_WARN_COMMA = YES;
				CLANG_WARN_CONSTANT_CONVERSION = YES;
				CLANG_WARN_DEPRECATED_OBJC_IMPLEMENTATIONS = YES;
				CLANG_WARN_DIRECT_OBJC_ISA_USAGE = YES_ERROR;
				CLANG_WARN_DOCUMENTATION_COMMENTS = YES;
				CLANG_WARN_EMPTY_BODY = YES;
				CLANG_WARN_ENUM_CONVERSION = YES;
				CLANG_WARN_INFINITE_RECURSION = YES;
				CLANG_WARN_INT_CONVERSION = YES;
				CLANG_WARN_NON_LITERAL_NULL_CONVERSION = YES;
				CLANG_WARN_OBJC_IMPLICIT_RETAIN_SELF = YES;
				CLANG_WARN_OBJC_LITERAL_CONVERSION = YES;
				CLANG_WARN_OBJC_ROOT_CLASS = YES_ERROR;
				CLANG_WARN_QUOTED_INCLUDE_IN_FRAMEWORK_HEADER = YES;
				CLANG_WARN_RANGE_LOOP_ANALYSIS = YES;
				CLANG_WARN_STRICT_PROTOTYPES = YES;
				CLANG_WARN_SUSPICIOUS_MOVE = YES;
				CLANG_WARN_UNGUARDED_AVAILABILITY = YES_AGGRESSIVE;
				CLANG_WARN_UNREACHABLE_CODE = YES;
				CLANG_WARN__DUPLICATE_METHOD_MATCH = YES;
				COPY_PHASE_STRIP = NO;
				DEBUG_INFORMATION_FORMAT = dwarf;
				ENABLE_STRICT_OBJC_MSGSEND = YES;
				ENABLE_TESTABILITY = YES;
				GCC_C_LANGUAGE_STANDARD = gnu11;
				GCC_DYNAMIC_NO_PIC = NO;
				GCC_NO_COMMON_BLOCKS = YES;
				GCC_OPTIMIZATION_LEVEL = 0;
				GCC_PREPROCESSOR_DEFINITIONS = (
					"DEBUG=1",
					"$(inherited)",
				);
				GCC_WARN_64_TO_32_BIT_CONVERSION = YES;
				GCC_WARN_ABOUT_RETURN_TYPE = YES_ERROR;
				GCC_WARN_UNDECLARED_SELECTOR = YES;
				GCC_WARN_UNINITIALIZED_AUTOS = YES_AGGRESSIVE;
				GCC_WARN_UNUSED_FUNCTION = YES;
				GCC_WARN_UNUSED_VARIABLE = YES;
				IPHONEOS_DEPLOYMENT_TARGET = 15.5;
				MTL_ENABLE_DEBUG_INFO = INCLUDE_SOURCE;
				MTL_FAST_MATH = YES;
				ONLY_ACTIVE_ARCH = YES;
				SDKROOT = iphoneos;
				SWIFT_ACTIVE_COMPILATION_CONDITIONS = DEBUG;
				SWIFT_OPTIMIZATION_LEVEL = "-Onone";
			};
			name = Debug;
		};
		4B1A04E82858CECA004AF8B6 /* Release */ = {
			isa = XCBuildConfiguration;
			buildSettings = {
				ALWAYS_SEARCH_USER_PATHS = NO;
				CLANG_ANALYZER_NONNULL = YES;
				CLANG_ANALYZER_NUMBER_OBJECT_CONVERSION = YES_AGGRESSIVE;
				CLANG_CXX_LANGUAGE_STANDARD = "gnu++17";
				CLANG_ENABLE_MODULES = YES;
				CLANG_ENABLE_OBJC_ARC = YES;
				CLANG_ENABLE_OBJC_WEAK = YES;
				CLANG_WARN_BLOCK_CAPTURE_AUTORELEASING = YES;
				CLANG_WARN_BOOL_CONVERSION = YES;
				CLANG_WARN_COMMA = YES;
				CLANG_WARN_CONSTANT_CONVERSION = YES;
				CLANG_WARN_DEPRECATED_OBJC_IMPLEMENTATIONS = YES;
				CLANG_WARN_DIRECT_OBJC_ISA_USAGE = YES_ERROR;
				CLANG_WARN_DOCUMENTATION_COMMENTS = YES;
				CLANG_WARN_EMPTY_BODY = YES;
				CLANG_WARN_ENUM_CONVERSION = YES;
				CLANG_WARN_INFINITE_RECURSION = YES;
				CLANG_WARN_INT_CONVERSION = YES;
				CLANG_WARN_NON_LITERAL_NULL_CONVERSION = YES;
				CLANG_WARN_OBJC_IMPLICIT_RETAIN_SELF = YES;
				CLANG_WARN_OBJC_LITERAL_CONVERSION = YES;
				CLANG_WARN_OBJC_ROOT_CLASS = YES_ERROR;
				CLANG_WARN_QUOTED_INCLUDE_IN_FRAMEWORK_HEADER = YES;
				CLANG_WARN_RANGE_LOOP_ANALYSIS = YES;
				CLANG_WARN_STRICT_PROTOTYPES = YES;
				CLANG_WARN_SUSPICIOUS_MOVE = YES;
				CLANG_WARN_UNGUARDED_AVAILABILITY = YES_AGGRESSIVE;
				CLANG_WARN_UNREACHABLE_CODE = YES;
				CLANG_WARN__DUPLICATE_METHOD_MATCH = YES;
				COPY_PHASE_STRIP = NO;
				DEBUG_INFORMATION_FORMAT = "dwarf-with-dsym";
				ENABLE_NS_ASSERTIONS = NO;
				ENABLE_STRICT_OBJC_MSGSEND = YES;
				GCC_C_LANGUAGE_STANDARD = gnu11;
				GCC_NO_COMMON_BLOCKS = YES;
				GCC_WARN_64_TO_32_BIT_CONVERSION = YES;
				GCC_WARN_ABOUT_RETURN_TYPE = YES_ERROR;
				GCC_WARN_UNDECLARED_SELECTOR = YES;
				GCC_WARN_UNINITIALIZED_AUTOS = YES_AGGRESSIVE;
				GCC_WARN_UNUSED_FUNCTION = YES;
				GCC_WARN_UNUSED_VARIABLE = YES;
				IPHONEOS_DEPLOYMENT_TARGET = 15.5;
				MTL_ENABLE_DEBUG_INFO = NO;
				MTL_FAST_MATH = YES;
				SDKROOT = iphoneos;
				SWIFT_COMPILATION_MODE = wholemodule;
				SWIFT_OPTIMIZATION_LEVEL = "-O";
				VALIDATE_PRODUCT = YES;
			};
			name = Release;
		};
		4B1A04EA2858CECA004AF8B6 /* Debug */ = {
			isa = XCBuildConfiguration;
			buildSettings = {
				ASSETCATALOG_COMPILER_APPICON_NAME = AppIcon;
				ASSETCATALOG_COMPILER_GLOBAL_ACCENT_COLOR_NAME = AccentColor;
				CODE_SIGN_STYLE = Automatic;
				CURRENT_PROJECT_VERSION = 1;
				DEVELOPMENT_TEAM = GKK53J6347;
				GENERATE_INFOPLIST_FILE = YES;
				INFOPLIST_FILE = TestAssessmentNewsAPI/Info.plist;
				INFOPLIST_KEY_UIApplicationSupportsIndirectInputEvents = YES;
				INFOPLIST_KEY_UILaunchStoryboardName = LaunchScreen;
				INFOPLIST_KEY_UISupportedInterfaceOrientations_iPad = "UIInterfaceOrientationPortrait UIInterfaceOrientationPortraitUpsideDown UIInterfaceOrientationLandscapeLeft UIInterfaceOrientationLandscapeRight";
				INFOPLIST_KEY_UISupportedInterfaceOrientations_iPhone = "UIInterfaceOrientationPortrait UIInterfaceOrientationLandscapeLeft UIInterfaceOrientationLandscapeRight";
				LD_RUNPATH_SEARCH_PATHS = (
					"$(inherited)",
					"@executable_path/Frameworks",
				);
				MARKETING_VERSION = 1.0;
				PRODUCT_BUNDLE_IDENTIFIER = Ben.TestAssessmentNewsAPI;
				PRODUCT_NAME = "$(TARGET_NAME)";
				SWIFT_EMIT_LOC_STRINGS = YES;
				SWIFT_VERSION = 5.0;
				TARGETED_DEVICE_FAMILY = "1,2";
			};
			name = Debug;
		};
		4B1A04EB2858CECA004AF8B6 /* Release */ = {
			isa = XCBuildConfiguration;
			buildSettings = {
				ASSETCATALOG_COMPILER_APPICON_NAME = AppIcon;
				ASSETCATALOG_COMPILER_GLOBAL_ACCENT_COLOR_NAME = AccentColor;
				CODE_SIGN_STYLE = Automatic;
				CURRENT_PROJECT_VERSION = 1;
				DEVELOPMENT_TEAM = GKK53J6347;
				GENERATE_INFOPLIST_FILE = YES;
				INFOPLIST_FILE = TestAssessmentNewsAPI/Info.plist;
				INFOPLIST_KEY_UIApplicationSupportsIndirectInputEvents = YES;
				INFOPLIST_KEY_UILaunchStoryboardName = LaunchScreen;
				INFOPLIST_KEY_UISupportedInterfaceOrientations_iPad = "UIInterfaceOrientationPortrait UIInterfaceOrientationPortraitUpsideDown UIInterfaceOrientationLandscapeLeft UIInterfaceOrientationLandscapeRight";
				INFOPLIST_KEY_UISupportedInterfaceOrientations_iPhone = "UIInterfaceOrientationPortrait UIInterfaceOrientationLandscapeLeft UIInterfaceOrientationLandscapeRight";
				LD_RUNPATH_SEARCH_PATHS = (
					"$(inherited)",
					"@executable_path/Frameworks",
				);
				MARKETING_VERSION = 1.0;
				PRODUCT_BUNDLE_IDENTIFIER = Ben.TestAssessmentNewsAPI;
				PRODUCT_NAME = "$(TARGET_NAME)";
				SWIFT_EMIT_LOC_STRINGS = YES;
				SWIFT_VERSION = 5.0;
				TARGETED_DEVICE_FAMILY = "1,2";
			};
			name = Release;
		};
		4B1A04ED2858CECA004AF8B6 /* Debug */ = {
			isa = XCBuildConfiguration;
			buildSettings = {
				ALWAYS_EMBED_SWIFT_STANDARD_LIBRARIES = YES;
				BUNDLE_LOADER = "$(TEST_HOST)";
				CODE_SIGN_STYLE = Automatic;
				CURRENT_PROJECT_VERSION = 1;
				DEVELOPMENT_TEAM = GKK53J6347;
				GENERATE_INFOPLIST_FILE = YES;
				IPHONEOS_DEPLOYMENT_TARGET = 15.5;
				MARKETING_VERSION = 1.0;
				PRODUCT_BUNDLE_IDENTIFIER = Ben.TestAssessmentNewsAPITests;
				PRODUCT_NAME = "$(TARGET_NAME)";
				SWIFT_EMIT_LOC_STRINGS = NO;
				SWIFT_VERSION = 5.0;
				TARGETED_DEVICE_FAMILY = "1,2";
				TEST_HOST = "$(BUILT_PRODUCTS_DIR)/TestAssessmentNewsAPI.app/TestAssessmentNewsAPI";
			};
			name = Debug;
		};
		4B1A04EE2858CECA004AF8B6 /* Release */ = {
			isa = XCBuildConfiguration;
			buildSettings = {
				ALWAYS_EMBED_SWIFT_STANDARD_LIBRARIES = YES;
				BUNDLE_LOADER = "$(TEST_HOST)";
				CODE_SIGN_STYLE = Automatic;
				CURRENT_PROJECT_VERSION = 1;
				DEVELOPMENT_TEAM = GKK53J6347;
				GENERATE_INFOPLIST_FILE = YES;
				IPHONEOS_DEPLOYMENT_TARGET = 15.5;
				MARKETING_VERSION = 1.0;
				PRODUCT_BUNDLE_IDENTIFIER = Ben.TestAssessmentNewsAPITests;
				PRODUCT_NAME = "$(TARGET_NAME)";
				SWIFT_EMIT_LOC_STRINGS = NO;
				SWIFT_VERSION = 5.0;
				TARGETED_DEVICE_FAMILY = "1,2";
				TEST_HOST = "$(BUILT_PRODUCTS_DIR)/TestAssessmentNewsAPI.app/TestAssessmentNewsAPI";
			};
			name = Release;
		};
		4B1A04F02858CECA004AF8B6 /* Debug */ = {
			isa = XCBuildConfiguration;
			buildSettings = {
				ALWAYS_EMBED_SWIFT_STANDARD_LIBRARIES = YES;
				CODE_SIGN_STYLE = Automatic;
				CURRENT_PROJECT_VERSION = 1;
				DEVELOPMENT_TEAM = GKK53J6347;
				GENERATE_INFOPLIST_FILE = YES;
				MARKETING_VERSION = 1.0;
				PRODUCT_BUNDLE_IDENTIFIER = Ben.TestAssessmentNewsAPIUITests;
				PRODUCT_NAME = "$(TARGET_NAME)";
				SWIFT_EMIT_LOC_STRINGS = NO;
				SWIFT_VERSION = 5.0;
				TARGETED_DEVICE_FAMILY = "1,2";
				TEST_TARGET_NAME = TestAssessmentNewsAPI;
			};
			name = Debug;
		};
		4B1A04F12858CECA004AF8B6 /* Release */ = {
			isa = XCBuildConfiguration;
			buildSettings = {
				ALWAYS_EMBED_SWIFT_STANDARD_LIBRARIES = YES;
				CODE_SIGN_STYLE = Automatic;
				CURRENT_PROJECT_VERSION = 1;
				DEVELOPMENT_TEAM = GKK53J6347;
				GENERATE_INFOPLIST_FILE = YES;
				MARKETING_VERSION = 1.0;
				PRODUCT_BUNDLE_IDENTIFIER = Ben.TestAssessmentNewsAPIUITests;
				PRODUCT_NAME = "$(TARGET_NAME)";
				SWIFT_EMIT_LOC_STRINGS = NO;
				SWIFT_VERSION = 5.0;
				TARGETED_DEVICE_FAMILY = "1,2";
				TEST_TARGET_NAME = TestAssessmentNewsAPI;
			};
			name = Release;
		};
/* End XCBuildConfiguration section */

/* Begin XCConfigurationList section */
		4B1A04BA2858CEC7004AF8B6 /* Build configuration list for PBXProject "TestAssessmentNewsAPI" */ = {
			isa = XCConfigurationList;
			buildConfigurations = (
				4B1A04E72858CECA004AF8B6 /* Debug */,
				4B1A04E82858CECA004AF8B6 /* Release */,
			);
			defaultConfigurationIsVisible = 0;
			defaultConfigurationName = Release;
		};
		4B1A04E92858CECA004AF8B6 /* Build configuration list for PBXNativeTarget "TestAssessmentNewsAPI" */ = {
			isa = XCConfigurationList;
			buildConfigurations = (
				4B1A04EA2858CECA004AF8B6 /* Debug */,
				4B1A04EB2858CECA004AF8B6 /* Release */,
			);
			defaultConfigurationIsVisible = 0;
			defaultConfigurationName = Release;
		};
		4B1A04EC2858CECA004AF8B6 /* Build configuration list for PBXNativeTarget "TestAssessmentNewsAPITests" */ = {
			isa = XCConfigurationList;
			buildConfigurations = (
				4B1A04ED2858CECA004AF8B6 /* Debug */,
				4B1A04EE2858CECA004AF8B6 /* Release */,
			);
			defaultConfigurationIsVisible = 0;
			defaultConfigurationName = Release;
		};
		4B1A04EF2858CECA004AF8B6 /* Build configuration list for PBXNativeTarget "TestAssessmentNewsAPIUITests" */ = {
			isa = XCConfigurationList;
			buildConfigurations = (
				4B1A04F02858CECA004AF8B6 /* Debug */,
				4B1A04F12858CECA004AF8B6 /* Release */,
			);
			defaultConfigurationIsVisible = 0;
			defaultConfigurationName = Release;
		};
/* End XCConfigurationList section */

/* Begin XCRemoteSwiftPackageReference section */
		4B1A0536285BE810004AF8B6 /* XCRemoteSwiftPackageReference "SnapKit" */ = {
			isa = XCRemoteSwiftPackageReference;
			repositoryURL = "https://github.com/SnapKit/SnapKit";
			requirement = {
				branch = develop;
				kind = branch;
			};
		};
/* End XCRemoteSwiftPackageReference section */

/* Begin XCSwiftPackageProductDependency section */
		4B1A0537285BE810004AF8B6 /* SnapKit */ = {
			isa = XCSwiftPackageProductDependency;
			package = 4B1A0536285BE810004AF8B6 /* XCRemoteSwiftPackageReference "SnapKit" */;
			productName = SnapKit;
		};
/* End XCSwiftPackageProductDependency section */
	};
	rootObject = 4B1A04B72858CEC7004AF8B6 /* Project object */;
}
